
Microsoft Visual Studio Solution File, Format Version 12.00
# Visual Studio Version 17
VisualStudioVersion = 17.3.32825.248
MinimumVisualStudioVersion = 10.0.40219.1
Project("{9A19103F-16F7-4668-BE54-9A1E7A4F7556}") = "GUI", "Demo\GUI.csproj", "{58CD05D6-2D23-4B13-9FA3-ECDF56F92762}"
EndProject
Project("{9A19103F-16F7-4668-BE54-9A1E7A4F7556}") = "BLL", "BLL\BLL.csproj", "{6DE22C46-40C6-4DE7-80DE-B4E48F1473F0}"
EndProject
Project("{9A19103F-16F7-4668-BE54-9A1E7A4F7556}") = "DAL", "DAL\DAL.csproj", "{B6E28663-AFBF-4A77-A168-63BD135C713F}"
EndProject
Project("{9A19103F-16F7-4668-BE54-9A1E7A4F7556}") = "DTO", "DTO\DTO.csproj", "{70864410-EBEE-41E1-AFD8-98BC5E12484E}"
EndProject
Global
	GlobalSection(SolutionConfigurationPlatforms) = preSolution
		Debug|Any CPU = Debug|Any CPU
		Release|Any CPU = Release|Any CPU
	EndGlobalSection
	GlobalSection(ProjectConfigurationPlatforms) = postSolution
		{58CD05D6-2D23-4B13-9FA3-ECDF56F92762}.Debug|Any CPU.ActiveCfg = Debug|Any CPU
		{58CD05D6-2D23-4B13-9FA3-ECDF56F92762}.Debug|Any CPU.Build.0 = Debug|Any CPU
		{58CD05D6-2D23-4B13-9FA3-ECDF56F92762}.Release|Any CPU.ActiveCfg = Release|Any CPU
		{58CD05D6-2D23-4B13-9FA3-ECDF56F92762}.Release|Any CPU.Build.0 = Release|Any CPU
		{6DE22C46-40C6-4DE7-80DE-B4E48F1473F0}.Debug|Any CPU.ActiveCfg = Debug|Any CPU
		{6DE22C46-40C6-4DE7-80DE-B4E48F1473F0}.Debug|Any CPU.Build.0 = Debug|Any CPU
		{6DE22C46-40C6-4DE7-80DE-B4E48F1473F0}.Release|Any CPU.ActiveCfg = Release|Any CPU
		{6DE22C46-40C6-4DE7-80DE-B4E48F1473F0}.Release|Any CPU.Build.0 = Release|Any CPU
		{B6E28663-AFBF-4A77-A168-63BD135C713F}.Debug|Any CPU.ActiveCfg = Debug|Any CPU
		{B6E28663-AFBF-4A77-A168-63BD135C713F}.Debug|Any CPU.Build.0 = Debug|Any CPU
		{B6E28663-AFBF-4A77-A168-63BD135C713F}.Release|Any CPU.ActiveCfg = Release|Any CPU
		{B6E28663-AFBF-4A77-A168-63BD135C713F}.Release|Any CPU.Build.0 = Release|Any CPU
		{70864410-EBEE-41E1-AFD8-98BC5E12484E}.Debug|Any CPU.ActiveCfg = Debug|Any CPU
		{70864410-EBEE-41E1-AFD8-98BC5E12484E}.Debug|Any CPU.Build.0 = Debug|Any CPU
		{70864410-EBEE-41E1-AFD8-98BC5E12484E}.Release|Any CPU.ActiveCfg = Release|Any CPU
		{70864410-EBEE-41E1-AFD8-98BC5E12484E}.Release|Any CPU.Build.0 = Release|Any CPU
	EndGlobalSection
	GlobalSection(SolutionProperties) = preSolution
		HideSolutionNode = FALSE
	EndGlobalSection
	GlobalSection(ExtensibilityGlobals) = postSolution
		SolutionGuid = {55076C6B-F2C9-48F0-9607-FAE1373B3CEF}
	EndGlobalSection
EndGlobal
